
Microsoft Visual Studio Solution File, Format Version 12.00
# Visual Studio Version 16
VisualStudioVersion = 16.0.31229.75
MinimumVisualStudioVersion = 10.0.40219.1
Project("{9A19103F-16F7-4668-BE54-9A1E7A4F7556}") = "Demo.Web", "src\Demo.Web\Demo.Web.csproj", "{EEAD886E-34F6-458C-AD9C-E89335E59710}"
EndProject
Project("{9A19103F-16F7-4668-BE54-9A1E7A4F7556}") = "Demo.SharedUI", "src\Demo.SharedUI\Demo.SharedUI.csproj", "{808D894C-0846-412D-B3B5-1681241DD68B}"
EndProject
Global
	GlobalSection(SolutionConfigurationPlatforms) = preSolution
		Debug|Any CPU = Debug|Any CPU
		Release|Any CPU = Release|Any CPU
	EndGlobalSection
	GlobalSection(ProjectConfigurationPlatforms) = postSolution
		{EEAD886E-34F6-458C-AD9C-E89335E59710}.Debug|Any CPU.ActiveCfg = Debug|Any CPU
		{EEAD886E-34F6-458C-AD9C-E89335E59710}.Debug|Any CPU.Build.0 = Debug|Any CPU
		{EEAD886E-34F6-458C-AD9C-E89335E59710}.Release|Any CPU.ActiveCfg = Release|Any CPU
		{EEAD886E-34F6-458C-AD9C-E89335E59710}.Release|Any CPU.Build.0 = Release|Any CPU
		{808D894C-0846-412D-B3B5-1681241DD68B}.Debug|Any CPU.ActiveCfg = Debug|Any CPU
		{808D894C-0846-412D-B3B5-1681241DD68B}.Debug|Any CPU.Build.0 = Debug|Any CPU
		{808D894C-0846-412D-B3B5-1681241DD68B}.Release|Any CPU.ActiveCfg = Release|Any CPU
		{808D894C-0846-412D-B3B5-1681241DD68B}.Release|Any CPU.Build.0 = Release|Any CPU
	EndGlobalSection
	GlobalSection(SolutionProperties) = preSolution
		HideSolutionNode = FALSE
	EndGlobalSection
	GlobalSection(ExtensibilityGlobals) = postSolution
		SolutionGuid = {95F21C33-AC0B-4633-9BF3-84D74E960C39}
	EndGlobalSection
EndGlobal
