
Microsoft Visual Studio Solution File, Format Version 12.00
# Visual Studio Version 16
VisualStudioVersion = 16.0.31229.75
MinimumVisualStudioVersion = 10.0.40219.1
Project("{9A19103F-16F7-4668-BE54-9A1E7A4F7556}") = "Demo.Web", "src\Demo.Web\Demo.Web.csproj", "{EEAD886E-34F6-458C-AD9C-E89335E59710}"
EndProject
Project("{FAE04EC0-301F-11D3-BF4B-00C04F79EFBC}") = "Demo.Wasm", "src\Demo.Wasm\Demo.Wasm.csproj", "{8B41A755-BEB6-41DB-A98A-CC6BB56BB854}"
EndProject
Project("{2150E333-8FDC-42A3-9474-1A3956D46DE8}") = "SharedUI", "SharedUI", "{59B782DB-7B01-4118-A620-CC5CD332DBF7}"
EndProject
Project("{FAE04EC0-301F-11D3-BF4B-00C04F79EFBC}") = "Demo.Blazor", "src\Demo.Blazor\Demo.Blazor.csproj", "{E641C126-E611-433C-B28B-C0C6FA991D08}"
EndProject
Project("{FAE04EC0-301F-11D3-BF4B-00C04F79EFBC}") = "Demo.SharedUI", "src\Demo.SharedUI\Demo.SharedUI.csproj", "{F7F74358-A263-4B05-B807-D8C3D8FCE393}"
EndProject
Global
	GlobalSection(SolutionConfigurationPlatforms) = preSolution
		Debug|Any CPU = Debug|Any CPU
		Release|Any CPU = Release|Any CPU
	EndGlobalSection
	GlobalSection(ProjectConfigurationPlatforms) = postSolution
		{EEAD886E-34F6-458C-AD9C-E89335E59710}.Debug|Any CPU.ActiveCfg = Debug|Any CPU
		{EEAD886E-34F6-458C-AD9C-E89335E59710}.Debug|Any CPU.Build.0 = Debug|Any CPU
		{EEAD886E-34F6-458C-AD9C-E89335E59710}.Release|Any CPU.ActiveCfg = Release|Any CPU
		{EEAD886E-34F6-458C-AD9C-E89335E59710}.Release|Any CPU.Build.0 = Release|Any CPU
		{8B41A755-BEB6-41DB-A98A-CC6BB56BB854}.Debug|Any CPU.ActiveCfg = Debug|Any CPU
		{8B41A755-BEB6-41DB-A98A-CC6BB56BB854}.Debug|Any CPU.Build.0 = Debug|Any CPU
		{8B41A755-BEB6-41DB-A98A-CC6BB56BB854}.Release|Any CPU.ActiveCfg = Release|Any CPU
		{8B41A755-BEB6-41DB-A98A-CC6BB56BB854}.Release|Any CPU.Build.0 = Release|Any CPU
		{E641C126-E611-433C-B28B-C0C6FA991D08}.Debug|Any CPU.ActiveCfg = Debug|Any CPU
		{E641C126-E611-433C-B28B-C0C6FA991D08}.Debug|Any CPU.Build.0 = Debug|Any CPU
		{E641C126-E611-433C-B28B-C0C6FA991D08}.Release|Any CPU.ActiveCfg = Release|Any CPU
		{E641C126-E611-433C-B28B-C0C6FA991D08}.Release|Any CPU.Build.0 = Release|Any CPU
		{F7F74358-A263-4B05-B807-D8C3D8FCE393}.Debug|Any CPU.ActiveCfg = Debug|Any CPU
		{F7F74358-A263-4B05-B807-D8C3D8FCE393}.Debug|Any CPU.Build.0 = Debug|Any CPU
		{F7F74358-A263-4B05-B807-D8C3D8FCE393}.Release|Any CPU.ActiveCfg = Release|Any CPU
		{F7F74358-A263-4B05-B807-D8C3D8FCE393}.Release|Any CPU.Build.0 = Release|Any CPU
	EndGlobalSection
	GlobalSection(SolutionProperties) = preSolution
		HideSolutionNode = FALSE
	EndGlobalSection
	GlobalSection(ExtensibilityGlobals) = postSolution
		SolutionGuid = {95F21C33-AC0B-4633-9BF3-84D74E960C39}
	EndGlobalSection
	GlobalSection(NestedProjects) = preSolution
		{F7F74358-A263-4B05-B807-D8C3D8FCE393} = {59B782DB-7B01-4118-A620-CC5CD332DBF7}
	EndGlobalSection
EndGlobal
